
Microsoft Visual Studio Solution File, Format Version 12.00
# Visual Studio Version 17
VisualStudioVersion = 17.3.32825.248
MinimumVisualStudioVersion = 10.0.40219.1
Project("{FAE04EC0-301F-11D3-BF4B-00C04F79EFBC}") = "Week4-Dorset", "Week4-Dorset.csproj", "{9C89A5C8-250D-488D-BB83-2712F136C83E}"
EndProject
Global
	GlobalSection(SolutionConfigurationPlatforms) = preSolution
		Debug|Any CPU = Debug|Any CPU
		Release|Any CPU = Release|Any CPU
	EndGlobalSection
	GlobalSection(ProjectConfigurationPlatforms) = postSolution
		{9C89A5C8-250D-488D-BB83-2712F136C83E}.Debug|Any CPU.ActiveCfg = Debug|Any CPU
		{9C89A5C8-250D-488D-BB83-2712F136C83E}.Debug|Any CPU.Build.0 = Debug|Any CPU
		{9C89A5C8-250D-488D-BB83-2712F136C83E}.Release|Any CPU.ActiveCfg = Release|Any CPU
		{9C89A5C8-250D-488D-BB83-2712F136C83E}.Release|Any CPU.Build.0 = Release|Any CPU
	EndGlobalSection
	GlobalSection(SolutionProperties) = preSolution
		HideSolutionNode = FALSE
	EndGlobalSection
	GlobalSection(ExtensibilityGlobals) = postSolution
		SolutionGuid = {0A4DE06F-A76B-44C5-B4EB-D4438D31ED7D}
	EndGlobalSection
EndGlobal
